{
  "lockfileVersion": 1,
  "configVersion": 0,
  "workspaces": {
    "": {
      "name": "companies-house-stream-server",
      "dependencies": {
        "@aws-sdk/client-s3": "^3.1073.0",
        "@cfworker/json-schema": "^4.1.1",
        "@duckdb/node-api": "^1.5.4-r.1",
        "@modelcontextprotocol/server": "^2.0.0-alpha.2",
        "@sinclair/typebox": "^0.34.49",
        "elysia": "^1.4.29",
        "genson-js": "^0.0.8",
        "node-cron": "^4.5.0",
        "pino": "^9.14.0",
        "redis": "^4.7.1",
        "simple-git": "^3.36.0",
        "zod": "^4.4.3",
      },
      "devDependencies": {
        "@types/node": "^22.20.0",
        "@types/node-cron": "^3.0.11",
        "bun-types": "^1.3.14",
        "mitata": "^1.0.34",
        "typescript": "^5.9.3",
      },
    },
  },
  "packages": {
    "@aws-crypto/crc32": ["@aws-crypto/crc32@5.2.0", "", { "dependencies": { "@aws-crypto/util": "^5.2.0", "@aws-sdk/types": "^3.222.0", "tslib": "^2.6.2" } }, "sha512-nLbCWqQNgUiwwtFsen1AdzAtvuLRsQS8rYgMuxCrdKf9kOssamGLuPwyTY9wyYblNr9+1XM8v6zoDTPPSIeANg=="],

    "@aws-crypto/crc32c": ["@aws-crypto/crc32c@5.2.0", "", { "dependencies": { "@aws-crypto/util": "^5.2.0", "@aws-sdk/types": "^3.222.0", "tslib": "^2.6.2" } }, "sha512-+iWb8qaHLYKrNvGRbiYRHSdKRWhto5XlZUEBwDjYNf+ly5SVYG6zEoYIdxvf5R3zyeP16w4PLBn3rH1xc74Rag=="],

    "@aws-crypto/sha1-browser": ["@aws-crypto/sha1-browser@5.2.0", "", { "dependencies": { "@aws-crypto/supports-web-crypto": "^5.2.0", "@aws-crypto/util": "^5.2.0", "@aws-sdk/types": "^3.222.0", "@aws-sdk/util-locate-window": "^3.0.0", "@smithy/util-utf8": "^2.0.0", "tslib": "^2.6.2" } }, "sha512-OH6lveCFfcDjX4dbAvCFSYUjJZjDr/3XJ3xHtjn3Oj5b9RjojQo8npoLeA/bNwkOkrSQ0wgrHzXk4tDRxGKJeg=="],

    "@aws-crypto/sha256-browser": ["@aws-crypto/sha256-browser@5.2.0", "", { "dependencies": { "@aws-crypto/sha256-js": "^5.2.0", "@aws-crypto/supports-web-crypto": "^5.2.0", "@aws-crypto/util": "^5.2.0", "@aws-sdk/types": "^3.222.0", "@aws-sdk/util-locate-window": "^3.0.0", "@smithy/util-utf8": "^2.0.0", "tslib": "^2.6.2" } }, "sha512-AXfN/lGotSQwu6HNcEsIASo7kWXZ5HYWvfOmSNKDsEqC4OashTp8alTmaz+F7TC2L083SFv5RdB+qU3Vs1kZqw=="],

    "@aws-crypto/sha256-js": ["@aws-crypto/sha256-js@5.2.0", "", { "dependencies": { "@aws-crypto/util": "^5.2.0", "@aws-sdk/types": "^3.222.0", "tslib": "^2.6.2" } }, "sha512-FFQQyu7edu4ufvIZ+OadFpHHOt+eSTBaYaki44c+akjg7qZg9oOQeLlk77F6tSYqjDAFClrHJk9tMf0HdVyOvA=="],

    "@aws-crypto/supports-web-crypto": ["@aws-crypto/supports-web-crypto@5.2.0", "", { "dependencies": { "tslib": "^2.6.2" } }, "sha512-iAvUotm021kM33eCdNfwIN//F77/IADDSs58i+MDaOqFrVjZo9bAal0NK7HurRuWLLpF1iLX7gbWrjHjeo+YFg=="],

    "@aws-crypto/util": ["@aws-crypto/util@5.2.0", "", { "dependencies": { "@aws-sdk/types": "^3.222.0", "@smithy/util-utf8": "^2.0.0", "tslib": "^2.6.2" } }, "sha512-4RkU9EsI6ZpBve5fseQlGNUWKMa1RLPQ1dnjnQoe07ldfIzcsGb5hC5W0Dm7u423KWzawlrpbjXBrXCEv9zazQ=="],

    "@aws-sdk/checksums": ["@aws-sdk/checksums@3.1000.7", "", { "dependencies": { "@aws-crypto/crc32": "5.2.0", "@aws-crypto/crc32c": "5.2.0", "@aws-crypto/util": "5.2.0", "@aws-sdk/core": "^3.974.22", "@aws-sdk/types": "^3.973.13", "@smithy/core": "^3.24.6", "@smithy/types": "^4.14.3", "tslib": "^2.6.2" } }, "sha512-qh0fG/RtrFztst4+vn1HZehAvAhr5Jlq/WMP7e5KvvfF16oNVBc9CDNVdxdm19vzOY2x0qiDMFCRjhxQAusGWQ=="],

    "@aws-sdk/client-s3": ["@aws-sdk/client-s3@3.1073.0", "", { "dependencies": { "@aws-crypto/sha1-browser": "5.2.0", "@aws-crypto/sha256-browser": "5.2.0", "@aws-crypto/sha256-js": "5.2.0", "@aws-sdk/core": "^3.974.22", "@aws-sdk/credential-provider-node": "^3.972.57", "@aws-sdk/middleware-flexible-checksums": "^3.974.32", "@aws-sdk/middleware-sdk-s3": "^3.972.53", "@aws-sdk/signature-v4-multi-region": "^3.996.35", "@aws-sdk/types": "^3.973.13", "@smithy/core": "^3.24.6", "@smithy/fetch-http-handler": "^5.4.6", "@smithy/node-http-handler": "^4.7.6", "@smithy/types": "^4.14.3", "tslib": "^2.6.2" } }, "sha512-/Dvhrff0I4D2YUWSdm8uLKa1bfXdw9BMRDUME6ZeoTrrdQKQDeo2scLDjdpC5X2YdvTc/ZnUCR2HAvD7qXvS1w=="],

    "@aws-sdk/core": ["@aws-sdk/core@3.974.22", "", { "dependencies": { "@aws-sdk/types": "^3.973.13", "@aws-sdk/xml-builder": "^3.972.30", "@aws/lambda-invoke-store": "^0.2.2", "@smithy/core": "^3.24.6", "@smithy/signature-v4": "^5.4.6", "@smithy/types": "^4.14.3", "bowser": "^2.11.0", "tslib": "^2.6.2" } }, "sha512-YofH63shc6YRdXjz80BJkpJW+Bkn0Cuu2dn4Rv7s9G2Idt58tgtzQEWxrR2xVljlVfIBeUjPuULnSVYLke3sUQ=="],

    "@aws-sdk/credential-provider-env": ["@aws-sdk/credential-provider-env@3.972.48", "", { "dependencies": { "@aws-sdk/core": "^3.974.22", "@aws-sdk/types": "^3.973.13", "@smithy/core": "^3.24.6", "@smithy/types": "^4.14.3", "tslib": "^2.6.2" } }, "sha512-h6FEC95fbexUd6zxm4PdgS82bTcI2PRtUb2ZwMipb/Xr8bPwtf0G8rBo2jp7NA24Mbx2JA8/WingiYpA9RCCyw=="],

    "@aws-sdk/credential-provider-http": ["@aws-sdk/credential-provider-http@3.972.50", "", { "dependencies": { "@aws-sdk/core": "^3.974.22", "@aws-sdk/types": "^3.973.13", "@smithy/core": "^3.24.6", "@smithy/fetch-http-handler": "^5.4.6", "@smithy/node-http-handler": "^4.7.6", "@smithy/types": "^4.14.3", "tslib": "^2.6.2" } }, "sha512-lJO3OLpjvz5m/RSBQmsG/CEUGsvCy5ruxKwPQaOCqxqCMuyYT2BZwQUTDZVVwqQ9LrZKuK24JSa6r31hL/tvkg=="],

    "@aws-sdk/credential-provider-ini": ["@aws-sdk/credential-provider-ini@3.972.55", "", { "dependencies": { "@aws-sdk/core": "^3.974.22", "@aws-sdk/credential-provider-env": "^3.972.48", "@aws-sdk/credential-provider-http": "^3.972.50", "@aws-sdk/credential-provider-login": "^3.972.54", "@aws-sdk/credential-provider-process": "^3.972.48", "@aws-sdk/credential-provider-sso": "^3.972.54", "@aws-sdk/credential-provider-web-identity": "^3.972.54", "@aws-sdk/nested-clients": "^3.997.22", "@aws-sdk/types": "^3.973.13", "@smithy/core": "^3.24.6", "@smithy/credential-provider-imds": "^4.3.7", "@smithy/types": "^4.14.3", "tslib": "^2.6.2" } }, "sha512-TBoF4buBGYhXjdZAryayY2TrkQj2B2KfE/msG4V53XCt+w0EhEwM2JRjx8p2grJ2C6gtH5++SAwEvGMRdi0yyw=="],

    "@aws-sdk/credential-provider-login": ["@aws-sdk/credential-provider-login@3.972.54", "", { "dependencies": { "@aws-sdk/core": "^3.974.22", "@aws-sdk/nested-clients": "^3.997.22", "@aws-sdk/types": "^3.973.13", "@smithy/core": "^3.24.6", "@smithy/types": "^4.14.3", "tslib": "^2.6.2" } }, "sha512-hBWI3wZTdTGiuMfmPts6AWbAjFfRniOQnqx68tc2cQvRKWawFbN9wkLOVPWM1FAOyowZU73mC6Fi+rHSHNyLFw=="],

    "@aws-sdk/credential-provider-node": ["@aws-sdk/credential-provider-node@3.972.57", "", { "dependencies": { "@aws-sdk/credential-provider-env": "^3.972.48", "@aws-sdk/credential-provider-http": "^3.972.50", "@aws-sdk/credential-provider-ini": "^3.972.55", "@aws-sdk/credential-provider-process": "^3.972.48", "@aws-sdk/credential-provider-sso": "^3.972.54", "@aws-sdk/credential-provider-web-identity": "^3.972.54", "@aws-sdk/types": "^3.973.13", "@smithy/core": "^3.24.6", "@smithy/credential-provider-imds": "^4.3.7", "@smithy/types": "^4.14.3", "tslib": "^2.6.2" } }, "sha512-u6dClpzNdWf1HGWz4wwhdXi1wiOofCLniM9S4BQQGlLAN9TW7VB+ld5V533GdKrYMaFeBGFqKnj0JCYvynLqwQ=="],

    "@aws-sdk/credential-provider-process": ["@aws-sdk/credential-provider-process@3.972.48", "", { "dependencies": { "@aws-sdk/core": "^3.974.22", "@aws-sdk/types": "^3.973.13", "@smithy/core": "^3.24.6", "@smithy/types": "^4.14.3", "tslib": "^2.6.2" } }, "sha512-w6VZwojPt12WnEkAUy6Nu4K6sWCbBmR7QX390b0nE6vRvkXbrYr9Lq9VySGkfjiMjpUA87op+J4EgvRmtWIDoQ=="],

    "@aws-sdk/credential-provider-sso": ["@aws-sdk/credential-provider-sso@3.972.54", "", { "dependencies": { "@aws-sdk/core": "^3.974.22", "@aws-sdk/nested-clients": "^3.997.22", "@aws-sdk/token-providers": "3.1071.0", "@aws-sdk/types": "^3.973.13", "@smithy/core": "^3.24.6", "@smithy/types": "^4.14.3", "tslib": "^2.6.2" } }, "sha512-23uZpIpF2SIFDCa1fcWa202tK4gGeyvX6GIIAjiB8WBsvsVRBMnJ/7dCxHzxf7eZT7GToJg837LDIBnZsl/VUg=="],

    "@aws-sdk/credential-provider-web-identity": ["@aws-sdk/credential-provider-web-identity@3.972.54", "", { "dependencies": { "@aws-sdk/core": "^3.974.22", "@aws-sdk/nested-clients": "^3.997.22", "@aws-sdk/types": "^3.973.13", "@smithy/core": "^3.24.6", "@smithy/types": "^4.14.3", "tslib": "^2.6.2" } }, "sha512-0Iv5QttS6wcATlodYKgvQj6B9Db51rx7NU9fqu0PoLeS4BIgdYMc/QK4smwLwpm5RFrs02V/eLyEFp3FklvlNQ=="],

    "@aws-sdk/middleware-flexible-checksums": ["@aws-sdk/middleware-flexible-checksums@3.974.32", "", { "dependencies": { "@aws-sdk/checksums": "^3.1000.7", "tslib": "^2.6.2" } }, "sha512-KhuzFMzUbb3oEj43CdPDbEJ/RG/RkErkmXk3J/LE8OPFNvkCn8PYPMpjOLgzAzvxBacsSyytdWf+R50q0alJ4w=="],

    "@aws-sdk/middleware-sdk-s3": ["@aws-sdk/middleware-sdk-s3@3.972.53", "", { "dependencies": { "@aws-sdk/core": "^3.974.22", "@aws-sdk/signature-v4-multi-region": "^3.996.35", "@aws-sdk/types": "^3.973.13", "@smithy/core": "^3.24.6", "@smithy/types": "^4.14.3", "tslib": "^2.6.2" } }, "sha512-keWp6Z5cEIJzPwoCf/WRm0ceAeephPDDivhRsK/xXs2ZYXyypJ2/DL9G1IR0bz/s+iZC0EgzmFV4r7rlvLlxQQ=="],

    "@aws-sdk/nested-clients": ["@aws-sdk/nested-clients@3.997.22", "", { "dependencies": { "@aws-crypto/sha256-browser": "5.2.0", "@aws-crypto/sha256-js": "5.2.0", "@aws-sdk/core": "^3.974.22", "@aws-sdk/signature-v4-multi-region": "^3.996.35", "@aws-sdk/types": "^3.973.13", "@smithy/core": "^3.24.6", "@smithy/fetch-http-handler": "^5.4.6", "@smithy/node-http-handler": "^4.7.6", "@smithy/types": "^4.14.3", "tslib": "^2.6.2" } }, "sha512-4IwtcYSxEIVw5hcp8ogq0CMbFNZFw7jJUetpfFUhFFeqsa1K8j2Ihg2hnxLyOp3stMZnXda6VzOmPi1AFZQXcg=="],

    "@aws-sdk/signature-v4-multi-region": ["@aws-sdk/signature-v4-multi-region@3.996.35", "", { "dependencies": { "@aws-sdk/types": "^3.973.13", "@smithy/signature-v4": "^5.4.6", "@smithy/types": "^4.14.3", "tslib": "^2.6.2" } }, "sha512-6L/VWs+Wch2stHemCGTmUNqKLMzURxQDK5boNG3Jn3kAOp71meDUuS5sbObpEvFxHDq0uWeSLFDNSYsjNt+Dlg=="],

    "@aws-sdk/token-providers": ["@aws-sdk/token-providers@3.1071.0", "", { "dependencies": { "@aws-sdk/core": "^3.974.22", "@aws-sdk/nested-clients": "^3.997.22", "@aws-sdk/types": "^3.973.13", "@smithy/core": "^3.24.6", "@smithy/types": "^4.14.3", "tslib": "^2.6.2" } }, "sha512-4LDW2Qob6LoLFuqYSYZq2AyTE9koSE9+i+n5UZcm10GpmQOK0zRD9L4uYlzItiTKksIWgC/qMFChAi3RvKYtMg=="],

    "@aws-sdk/types": ["@aws-sdk/types@3.973.13", "", { "dependencies": { "@smithy/types": "^4.14.3", "tslib": "^2.6.2" } }, "sha512-pEHZqRkAlHfnfAU9tK+WpKv/gBNjGJrHMgA3A0iYRGyswBS2t0pfez+lWlwktb3Bqa0ovh7w/QJTFwp3fDxLNg=="],

    "@aws-sdk/util-locate-window": ["@aws-sdk/util-locate-window@3.893.0", "", { "dependencies": { "tslib": "^2.6.2" } }, "sha512-T89pFfgat6c8nMmpI8eKjBcDcgJq36+m9oiXbcUzeU55MP9ZuGgBomGjGnHaEyF36jenW9gmg3NfZDm0AO2XPg=="],

    "@aws-sdk/xml-builder": ["@aws-sdk/xml-builder@3.972.30", "", { "dependencies": { "@smithy/types": "^4.14.3", "fast-xml-parser": "5.7.3", "tslib": "^2.6.2" } }, "sha512-StElZPEoBquWwNqw1AcfpzEyZqJvFxouG+mpDNYlcH6ZOrqd2CuIryv+8LV8gNHZUOyKyJF3Dq9vxaXEmDR9TQ=="],

    "@aws/lambda-invoke-store": ["@aws/lambda-invoke-store@0.2.2", "", {}, "sha512-C0NBLsIqzDIae8HFw9YIrIBsbc0xTiOtt7fAukGPnqQ/+zZNaq+4jhuccltK0QuWHBnNm/a6kLIRA6GFiM10eg=="],

    "@borewit/text-codec": ["@borewit/text-codec@0.2.2", "", {}, "sha512-DDaRehssg1aNrH4+2hnj1B7vnUGEjU6OIlyRdkMd0aUdIUvKXrJfXsy8LVtXAy7DRvYVluWbMspsRhz2lcW0mQ=="],

    "@cfworker/json-schema": ["@cfworker/json-schema@4.1.1", "", {}, "sha512-gAmrUZSGtKc3AiBL71iNWxDsyUC5uMaKKGdvzYsBoTW/xi42JQHl7eKV2OYzCUqvc+D2RCcf7EXY2iCyFIk6og=="],

    "@duckdb/node-api": ["@duckdb/node-api@1.5.4-r.1", "", { "dependencies": { "@duckdb/node-bindings": "1.5.4-r.1" } }, "sha512-3PYk/4//svuYmb9RYVM71cCoNa6ngoYWwrMhJaqbm010txzIMWbJCbxrFeqDl+krdIug+Hc/MNCeS0gHsTXSIw=="],

    "@duckdb/node-bindings": ["@duckdb/node-bindings@1.5.4-r.1", "", { "dependencies": { "detect-libc": "^2.1.2" }, "optionalDependencies": { "@duckdb/node-bindings-darwin-arm64": "1.5.4-r.1", "@duckdb/node-bindings-darwin-x64": "1.5.4-r.1", "@duckdb/node-bindings-linux-arm64": "1.5.4-r.1", "@duckdb/node-bindings-linux-arm64-musl": "1.5.4-r.1", "@duckdb/node-bindings-linux-x64": "1.5.4-r.1", "@duckdb/node-bindings-linux-x64-musl": "1.5.4-r.1", "@duckdb/node-bindings-win32-arm64": "1.5.4-r.1", "@duckdb/node-bindings-win32-x64": "1.5.4-r.1" } }, "sha512-v834OZZKQ59yAvh8GOEmM+R1foPNgdMGL0VTBgHywgblgQNyq11HvWgT4QGJIUFfo/cQ9WFyf1MFhK0+hV1aiA=="],

    "@duckdb/node-bindings-darwin-arm64": ["@duckdb/node-bindings-darwin-arm64@1.5.4-r.1", "", { "os": "darwin", "cpu": "arm64" }, "sha512-fl8EC5xdmI7VAI7bX4W6D7lOGNtxyLvSxGjOY8Ov7viVEKwIcBXXKlMPgh3sw+PiVlwZhKlknuCI8BL5xXpSDg=="],

    "@duckdb/node-bindings-darwin-x64": ["@duckdb/node-bindings-darwin-x64@1.5.4-r.1", "", { "os": "darwin", "cpu": "x64" }, "sha512-E8bECZ6abJqunPqVR1NA0Zho7qxanfDWWFuJrKMsU1NCUqyGLyhXqZwsRHAx7J6jrM+lhQ7wOZj1x/N4OVml3A=="],

    "@duckdb/node-bindings-linux-arm64": ["@duckdb/node-bindings-linux-arm64@1.5.4-r.1", "", { "os": "linux", "cpu": "arm64" }, "sha512-4EsB+cgRqOE++mdPQ2ZoGJCg4ylmuqdbLDtmo3L19B+C5OzGmrhxlKD4o75eGEtfO52M+w+TdL0qhy0H5XvaKQ=="],

    "@duckdb/node-bindings-linux-arm64-musl": ["@duckdb/node-bindings-linux-arm64-musl@1.5.4-r.1", "", { "os": "linux", "cpu": "arm64" }, "sha512-96Pyk5Syy18S5DSN0CKkOQ7/CsyVGRML8ewox1qpFDjYvPH1VsULlQoIRwbpw7mkFEy17wuWmbwzb7oKu/nGMw=="],

    "@duckdb/node-bindings-linux-x64": ["@duckdb/node-bindings-linux-x64@1.5.4-r.1", "", { "os": "linux", "cpu": "x64" }, "sha512-IldapRydno5kf4VkPCe8yK+j4pCg+j6Qs46UmLnKex/mtIdJa7ifhMYRkvdc5KIAFEC0eEL5c830QeuwcUROyg=="],

    "@duckdb/node-bindings-linux-x64-musl": ["@duckdb/node-bindings-linux-x64-musl@1.5.4-r.1", "", { "os": "linux", "cpu": "x64" }, "sha512-tWgnttlKfWTktyv+m9YbxaedKBon5wmUoJ9DaIbE3D98KhhUaqmJhnjzso9O8hp6WUeRmwXR//hpT/X6Ft9nYA=="],

    "@duckdb/node-bindings-win32-arm64": ["@duckdb/node-bindings-win32-arm64@1.5.4-r.1", "", { "os": "win32", "cpu": "arm64" }, "sha512-77apmuNo51bPZzv8xjdeCp+hlU6JLwMPtS1CMViy83ONTsah+CGnpBx1lCnEqPL5Va0meufZyjSdZCVCijLdDA=="],

    "@duckdb/node-bindings-win32-x64": ["@duckdb/node-bindings-win32-x64@1.5.4-r.1", "", { "os": "win32", "cpu": "x64" }, "sha512-Wme7dScBGqjn2PUJ+RLFiFAblW1qQRBraX7SJc4uKtftZiUJJWZapEUh+doGfb68Qxvw8JhlMBSdaUsSUDJYsw=="],

    "@kwsites/file-exists": ["@kwsites/file-exists@1.1.1", "", { "dependencies": { "debug": "^4.1.1" } }, "sha512-m9/5YGR18lIwxSFDwfE3oA7bWuq9kdau6ugN4H2rJeyhFQZcG9AgSHkQtSD15a8WvTgfz9aikZMrKPHvbpqFiw=="],

    "@kwsites/promise-deferred": ["@kwsites/promise-deferred@1.1.1", "", {}, "sha512-GaHYm+c0O9MjZRu0ongGBRbinu8gVAMd2UZjji6jVmqKtZluZnptXGWhz1E8j8D2HJ3f/yMxKAUC0b+57wncIw=="],

    "@modelcontextprotocol/server": ["@modelcontextprotocol/server@2.0.0-alpha.2", "", { "dependencies": { "zod": "^4.0" }, "peerDependencies": { "@cfworker/json-schema": "^4.1.1" }, "optionalPeers": ["@cfworker/json-schema"] }, "sha512-gmLgdHzlYM8L7Aw/+VE0kxjT25WKamtUSLNhdOgrJq5CrESvqVSoAfWSJJeNPUXNTluQ+dYDGFbKVitdsJtbPA=="],

    "@nodable/entities": ["@nodable/entities@2.2.0", "", {}, "sha512-9uGyhaQavEUMC8AIddIjau4NsnsXhou+j5sBAGojCM1oxmQpVKTWR/9JxABD6UAv12vpIms55fPZKFQEhG6uBg=="],

    "@pinojs/redact": ["@pinojs/redact@0.4.0", "", {}, "sha512-k2ENnmBugE/rzQfEcdWHcCY+/FM3VLzH9cYEsbdsoqrvzAKRhUZeRNhAZvB8OitQJ1TBed3yqWtdjzS6wJKBwg=="],

    "@redis/bloom": ["@redis/bloom@1.2.0", "", { "peerDependencies": { "@redis/client": "^1.0.0" } }, "sha512-HG2DFjYKbpNmVXsa0keLHp/3leGJz1mjh09f2RLGGLQZzSHpkmZWuwJbAvo3QcRY8p80m5+ZdXZdYOSBLlp7Cg=="],

    "@redis/client": ["@redis/client@1.6.1", "", { "dependencies": { "cluster-key-slot": "1.1.2", "generic-pool": "3.9.0", "yallist": "4.0.0" } }, "sha512-/KCsg3xSlR+nCK8/8ZYSknYxvXHwubJrU82F3Lm1Fp6789VQ0/3RJKfsmRXjqfaTA++23CvC3hqmqe/2GEt6Kw=="],

    "@redis/graph": ["@redis/graph@1.1.1", "", { "peerDependencies": { "@redis/client": "^1.0.0" } }, "sha512-FEMTcTHZozZciLRl6GiiIB4zGm5z5F3F6a6FZCyrfxdKOhFlGkiAqlexWMBzCi4DcRoyiOsuLfW+cjlGWyExOw=="],

    "@redis/json": ["@redis/json@1.0.7", "", { "peerDependencies": { "@redis/client": "^1.0.0" } }, "sha512-6UyXfjVaTBTJtKNG4/9Z8PSpKE6XgSyEb8iwaqDcy+uKrd/DGYHTWkUdnQDyzm727V7p21WUMhsqz5oy65kPcQ=="],

    "@redis/search": ["@redis/search@1.2.0", "", { "peerDependencies": { "@redis/client": "^1.0.0" } }, "sha512-tYoDBbtqOVigEDMAcTGsRlMycIIjwMCgD8eR2t0NANeQmgK/lvxNAvYyb6bZDD4frHRhIHkJu2TBRvB0ERkOmw=="],

    "@redis/time-series": ["@redis/time-series@1.1.0", "", { "peerDependencies": { "@redis/client": "^1.0.0" } }, "sha512-c1Q99M5ljsIuc4YdaCwfUEXsofakb9c8+Zse2qxTadu8TalLXuAESzLvFAvNVbkmSlvlzIQOLpBCmWI9wTOt+g=="],

    "@simple-git/args-pathspec": ["@simple-git/args-pathspec@1.0.3", "", {}, "sha512-ngJMaHlsWDTfjyq9F3VIQ8b7NXbBLq5j9i5bJ6XLYtD6qlDXT7fdKY2KscWWUF8t18xx052Y/PUO1K1TRc9yKA=="],

    "@simple-git/argv-parser": ["@simple-git/argv-parser@1.1.1", "", { "dependencies": { "@simple-git/args-pathspec": "^1.0.3" } }, "sha512-Q9lBcfQ+VQCpQqGJFHe5yooOS5hGdLFFbJ5R+R5aDsnkPCahtn1hSkMcORX65J2Z5lxSkD0lQorMsncuBQxYUw=="],

    "@sinclair/typebox": ["@sinclair/typebox@0.34.49", "", {}, "sha512-brySQQs7Jtn0joV8Xh9ZV/hZb9Ozb0pmazDIASBkYKCjXrXU3mpcFahmK/z4YDhGkQvP9mWJbVyahdtU5wQA+A=="],

    "@smithy/core": ["@smithy/core@3.25.1", "", { "dependencies": { "@aws-crypto/crc32": "5.2.0", "@smithy/types": "^4.15.0", "tslib": "^2.6.2" } }, "sha512-zpDbpXBCBsxfLtG2GEUyfgvHvSFrw5CwDZSNzL0v52gx/c3oPlPbm+7W7num8xs6vyiUBn+bvYPHcQDOXZynCQ=="],

    "@smithy/credential-provider-imds": ["@smithy/credential-provider-imds@4.4.1", "", { "dependencies": { "@smithy/core": "^3.25.1", "@smithy/types": "^4.15.0", "tslib": "^2.6.2" } }, "sha512-TSAF5NHgxEsllbErYWbK8aLnl5L601NGc5VYJlSPsKnf3YlkhdoBN+geGcaU00oiw2OK3QO5LA3QNXiiWhCidQ=="],

    "@smithy/fetch-http-handler": ["@smithy/fetch-http-handler@5.5.1", "", { "dependencies": { "@smithy/core": "^3.25.1", "@smithy/types": "^4.15.0", "tslib": "^2.6.2" } }, "sha512-96JrD1q71anokymx9Iblb+zKmNQYNstlV/25A9ZYIJ2A0rp1r7/GZAIm0bDWSmVvz3DpNOCZuabzsiL+w0UHhw=="],

    "@smithy/is-array-buffer": ["@smithy/is-array-buffer@2.2.0", "", { "dependencies": { "tslib": "^2.6.2" } }, "sha512-GGP3O9QFD24uGeAXYUjwSTXARoqpZykHadOmA8G5vfJPK0/DC67qa//0qvqrJzL1xc8WQWX7/yc7fwudjPHPhA=="],

    "@smithy/node-http-handler": ["@smithy/node-http-handler@4.8.1", "", { "dependencies": { "@smithy/core": "^3.25.1", "@smithy/types": "^4.15.0", "tslib": "^2.6.2" } }, "sha512-emtXvoky671puri18ETf64AFIQUGIEA093F2drXpBgB0OGnBLjcwNR3CA2mYu62IAqNsS56xa5lnTxAgPq7cjw=="],

    "@smithy/signature-v4": ["@smithy/signature-v4@5.5.1", "", { "dependencies": { "@smithy/core": "^3.25.1", "@smithy/types": "^4.15.0", "tslib": "^2.6.2" } }, "sha512-X9rVls3En0z3NtrmguTmpRM0/NqtWUxBjal6fcAkwtsub+gOdLZ6kD+V7xhUgFMGdG14bHbZ7M5QjaRI1+DatQ=="],

    "@smithy/types": ["@smithy/types@4.15.0", "", { "dependencies": { "tslib": "^2.6.2" } }, "sha512-Z5TAOxygoFvybJV3igo5SloFflSokHx2hu1eFA+DxDTcn+FtKxUSui+rbTRG1pAafMA888Z3MVvCWUuvCrTXjg=="],

    "@smithy/util-buffer-from": ["@smithy/util-buffer-from@2.2.0", "", { "dependencies": { "@smithy/is-array-buffer": "^2.2.0", "tslib": "^2.6.2" } }, "sha512-IJdWBbTcMQ6DA0gdNhh/BwrLkDR+ADW5Kr1aZmd4k3DIF6ezMV4R2NIAmT08wQJ3yUK82thHWmC/TnK/wpMMIA=="],

    "@smithy/util-utf8": ["@smithy/util-utf8@2.3.0", "", { "dependencies": { "@smithy/util-buffer-from": "^2.2.0", "tslib": "^2.6.2" } }, "sha512-R8Rdn8Hy72KKcebgLiv8jQcQkXoLMOGGv5uI1/k0l+snqkOzQ1R0ChUBCxWMlBsFMekWjq0wRudIweFs7sKT5A=="],

    "@tokenizer/inflate": ["@tokenizer/inflate@0.4.1", "", { "dependencies": { "debug": "^4.4.3", "token-types": "^6.1.1" } }, "sha512-2mAv+8pkG6GIZiF1kNg1jAjh27IDxEPKwdGul3snfztFerfPGI1LjDezZp3i7BElXompqEtPmoPx6c2wgtWsOA=="],

    "@tokenizer/token": ["@tokenizer/token@0.3.0", "", {}, "sha512-OvjF+z51L3ov0OyAU0duzsYuvO01PH7x4t6DJx+guahgTnBHkhJdG7soQeTSFLWN3efnHyibZ4Z8l2EuWwJN3A=="],

    "@types/node": ["@types/node@22.20.0", "", { "dependencies": { "undici-types": "~6.21.0" } }, "sha512-QWlFW2wf3nTjC13/DqRnBpR4ZO36VJH/JVBkA/vcnmbTBNQIlnObqyqZE1tUR7+Ni23Lda8R1BxMfbXRpCUx5g=="],

    "@types/node-cron": ["@types/node-cron@3.0.11", "", {}, "sha512-0ikrnug3/IyneSHqCBeslAhlK2aBfYek1fGo4bP4QnZPmiqSGRK+Oy7ZMisLWkesffJvQ1cqAcBnJC+8+nxIAg=="],

    "anynum": ["anynum@1.0.1", "", {}, "sha512-N6//FLET/tXYNM/F6ABca1oH6fWB+KlTt909Le28WMDBk8oaT4vY17DCrwg2MvmuqUKt3Ni4N5dGJ/EoBgcO6A=="],

    "atomic-sleep": ["atomic-sleep@1.0.0", "", {}, "sha512-kNOjDqAh7px0XWNI+4QbzoiR/nTkHAWNud2uvnJquD1/x5a7EQZMJT0AczqK0Qn67oY/TTQ1LbUKajZpp3I9tQ=="],

    "bowser": ["bowser@2.13.1", "", {}, "sha512-OHawaAbjwx6rqICCKgSG0SAnT05bzd7ppyKLVUITZpANBaaMFBAsaNkto3LoQ31tyFP5kNujE8Cdx85G9VzOkw=="],

    "bun-types": ["bun-types@1.3.14", "", { "dependencies": { "@types/node": "*" } }, "sha512-4N0ig0fEomHt5R0KCFWjovxow98rIoRwKolrYdCcknNwMekCXRnWEUvgu5soYV8QXtVsrUD8B95MBOZGPvr6KQ=="],

    "cluster-key-slot": ["cluster-key-slot@1.1.2", "", {}, "sha512-RMr0FhtfXemyinomL4hrWcYJxmX6deFdCxpJzhDttxgO1+bcCnkk+9drydLVDmAMG7NE6aN/fl4F7ucU/90gAA=="],

    "cookie": ["cookie@1.1.1", "", {}, "sha512-ei8Aos7ja0weRpFzJnEA9UHJ/7XQmqglbRwnf2ATjcB9Wq874VKH9kfjjirM6UhU2/E5fFYadylyhFldcqSidQ=="],

    "debug": ["debug@4.4.3", "", { "dependencies": { "ms": "^2.1.3" } }, "sha512-RGwwWnwQvkVfavKVt22FGLw+xYSdzARwm0ru6DhTVA3umU5hZc28V3kO4stgYryrTlLpuvgI9GiijltAjNbcqA=="],

    "detect-libc": ["detect-libc@2.1.2", "", {}, "sha512-Btj2BOOO83o3WyH59e8MgXsxEQVcarkUOpEYrubB0urwnN10yQ364rsiByU11nZlqWYZm05i/of7io4mzihBtQ=="],

    "elysia": ["elysia@1.4.29", "", { "dependencies": { "cookie": "^1.1.1", "exact-mirror": "^0.2.7", "fast-decode-uri-component": "^1.0.1", "memoirist": "^0.4.0" }, "peerDependencies": { "@sinclair/typebox": ">= 0.34.0 < 1", "@types/bun": ">= 1.2.0", "file-type": ">= 20.0.0", "openapi-types": ">= 12.0.0", "typescript": ">= 5.0.0" }, "optionalPeers": ["@types/bun", "typescript"] }, "sha512-GwMRGGwSdjfPt+w3LA0fqTuYJtS8uVRJicvoar98/HrO5qdFKDc9CwjIb6Kja+v39lkY+58hr2JvdR9jQzlUuA=="],

    "exact-mirror": ["exact-mirror@0.2.7", "", { "peerDependencies": { "@sinclair/typebox": "^0.34.15" }, "optionalPeers": ["@sinclair/typebox"] }, "sha512-+MeEmDcLA4o/vjK2zujgk+1VTxPR4hdp23qLqkWfStbECtAq9gmsvQa3LW6z/0GXZyHJobrCnmy1cdeE7BjsYg=="],

    "fast-decode-uri-component": ["fast-decode-uri-component@1.0.1", "", {}, "sha512-WKgKWg5eUxvRZGwW8FvfbaH7AXSh2cL+3j5fMGzUMCxWBJ3dV3a7Wz8y2f/uQ0e3B6WmodD3oS54jTQ9HVTIIg=="],

    "fast-xml-builder": ["fast-xml-builder@1.2.0", "", { "dependencies": { "path-expression-matcher": "^1.5.0", "xml-naming": "^0.1.0" } }, "sha512-00aAWieqff+ZJhsXA4g1g7M8k+7AYoMUUHF+/zFb5U6Uv/P0Vl4QZo84/IcufzYalLuEj9928bXN9PbbFzMF0Q=="],

    "fast-xml-parser": ["fast-xml-parser@5.7.3", "", { "dependencies": { "@nodable/entities": "^2.1.0", "fast-xml-builder": "^1.1.7", "path-expression-matcher": "^1.5.0", "strnum": "^2.2.3" }, "bin": { "fxparser": "src/cli/cli.js" } }, "sha512-C0AaNuC+mscy6vrAQKAc/rMq+zAPHodfHGZu4sGVehvAQt/JLG1O5zEcYcXSY5zSqr4YVgxsB+pHXTq0i7eDlg=="],

    "file-type": ["file-type@22.0.1", "", { "dependencies": { "@tokenizer/inflate": "^0.4.1", "strtok3": "^10.3.5", "token-types": "^6.1.2", "uint8array-extras": "^1.5.0" } }, "sha512-ww5Mhre0EE+jmBvOXTmXAbEMuZE7uX4a3+oRCQFNj8w++g3ev913N6tXQz0XTXbueQ5TWQfm6BdaViEHHn8bhA=="],

    "generic-pool": ["generic-pool@3.9.0", "", {}, "sha512-hymDOu5B53XvN4QT9dBmZxPX4CWhBPPLguTZ9MMFeFa/Kg0xWVfylOVNlJji/E7yTZWFd/q9GO5TxDLq156D7g=="],

    "genson-js": ["genson-js@0.0.8", "", {}, "sha512-4NUusDTwF+lzYh72uKV+Uvpky9iPO+YDIMpGImA5pbHfLV9HwgRCA4hYjGu78V4J4Cx2IZRTFfRERn9aUs74mw=="],

    "ieee754": ["ieee754@1.2.1", "", {}, "sha512-dcyqhDvX1C46lXZcVqCpK+FtMRQVdIMN6/Df5js2zouUsqG7I6sFxitIC+7KYK29KdXOLHdu9zL4sFnoVQnqaA=="],

    "memoirist": ["memoirist@0.4.0", "", {}, "sha512-zxTgA0mSYELa66DimuNQDvyLq36AwDlTuVRbnQtB+VuTcKWm5Qc4z3WkSpgsFWHNhexqkIooqpv4hdcqrX5Nmg=="],

    "mitata": ["mitata@1.0.34", "", {}, "sha512-Mc3zrtNBKIMeHSCQ0XqRLo1vbdIx1wvFV9c8NJAiyho6AjNfMY8bVhbS12bwciUdd1t4rj8099CH3N3NFahaUA=="],

    "ms": ["ms@2.1.3", "", {}, "sha512-6FlzubTLZG3J2a/NVCAleEhjzq5oxgHyaCU9yYXvcLsvoVaHJq/s5xXI6/XXP6tz7R9xAOtHnSO/tXtF3WRTlA=="],

    "node-cron": ["node-cron@4.5.0", "", {}, "sha512-4Trh+kjvbXokyJkwQumvD5YAgeJfgHLR/sKyu71uSmxfCR5QMO1hldpvmFZOICN5pLgNY+J5Y8+ar3XKo5/4tQ=="],

    "on-exit-leak-free": ["on-exit-leak-free@2.1.2", "", {}, "sha512-0eJJY6hXLGf1udHwfNftBqH+g73EU4B504nZeKpz1sYRKafAghwxEJunB2O7rDZkL4PGfsMVnTXZ2EjibbqcsA=="],

    "openapi-types": ["openapi-types@12.1.3", "", {}, "sha512-N4YtSYJqghVu4iek2ZUvcN/0aqH1kRDuNqzcycDxhOUpg7GdvLa2F3DgS6yBNhInhv2r/6I0Flkn7CqL8+nIcw=="],

    "path-expression-matcher": ["path-expression-matcher@1.6.0", "", {}, "sha512-e5y7RCLHKjemsgQ4eqGJtPyr10ILz25HO7flzxhTV8bgvd5yHx98DGtCAtbVW9f2TqnYI/gEVZd+vz7snrdPTw=="],

    "pino": ["pino@9.14.0", "", { "dependencies": { "@pinojs/redact": "^0.4.0", "atomic-sleep": "^1.0.0", "on-exit-leak-free": "^2.1.0", "pino-abstract-transport": "^2.0.0", "pino-std-serializers": "^7.0.0", "process-warning": "^5.0.0", "quick-format-unescaped": "^4.0.3", "real-require": "^0.2.0", "safe-stable-stringify": "^2.3.1", "sonic-boom": "^4.0.1", "thread-stream": "^3.0.0" }, "bin": { "pino": "bin.js" } }, "sha512-8OEwKp5juEvb/MjpIc4hjqfgCNysrS94RIOMXYvpYCdm/jglrKEiAYmiumbmGhCvs+IcInsphYDFwqrjr7398w=="],

    "pino-abstract-transport": ["pino-abstract-transport@2.0.0", "", { "dependencies": { "split2": "^4.0.0" } }, "sha512-F63x5tizV6WCh4R6RHyi2Ml+M70DNRXt/+HANowMflpgGFMAym/VKm6G7ZOQRjqN7XbGxK1Lg9t6ZrtzOaivMw=="],

    "pino-std-serializers": ["pino-std-serializers@7.0.0", "", {}, "sha512-e906FRY0+tV27iq4juKzSYPbUj2do2X2JX4EzSca1631EB2QJQUqGbDuERal7LCtOpxl6x3+nvo9NPZcmjkiFA=="],

    "process-warning": ["process-warning@5.0.0", "", {}, "sha512-a39t9ApHNx2L4+HBnQKqxxHNs1r7KF+Intd8Q/g1bUh6q0WIp9voPXJ/x0j+ZL45KF1pJd9+q2jLIRMfvEshkA=="],

    "quick-format-unescaped": ["quick-format-unescaped@4.0.4", "", {}, "sha512-tYC1Q1hgyRuHgloV/YXs2w15unPVh8qfu/qCTfhTYamaw7fyhumKa2yGpdSo87vY32rIclj+4fWYQXUMs9EHvg=="],

    "real-require": ["real-require@0.2.0", "", {}, "sha512-57frrGM/OCTLqLOAh0mhVA9VBMHd+9U7Zb2THMGdBUoZVOtGbJzjxsYGDJ3A9AYYCP4hn6y1TVbaOfzWtm5GFg=="],

    "redis": ["redis@4.7.1", "", { "dependencies": { "@redis/bloom": "1.2.0", "@redis/client": "1.6.1", "@redis/graph": "1.1.1", "@redis/json": "1.0.7", "@redis/search": "1.2.0", "@redis/time-series": "1.1.0" } }, "sha512-S1bJDnqLftzHXHP8JsT5II/CtHWQrASX5K96REjWjlmWKrviSOLWmM7QnRLstAWsu1VBBV1ffV6DzCvxNP0UJQ=="],

    "safe-stable-stringify": ["safe-stable-stringify@2.4.3", "", {}, "sha512-e2bDA2WJT0wxseVd4lsDP4+3ONX6HpMXQa1ZhFQ7SU+GjvORCmShbCMltrtIDfkYhVHrOcPtj+KhmDBdPdZD1g=="],

    "simple-git": ["simple-git@3.36.0", "", { "dependencies": { "@kwsites/file-exists": "^1.1.1", "@kwsites/promise-deferred": "^1.1.1", "@simple-git/args-pathspec": "^1.0.3", "@simple-git/argv-parser": "^1.1.0", "debug": "^4.4.0" } }, "sha512-cGQjLjK8bxJw4QuYT7gxHw3/IouVESbhahSsHrX97MzCL1gu2u7oy38W6L2ZIGECEfIBG4BabsWDPjBxJENv9Q=="],

    "sonic-boom": ["sonic-boom@4.2.0", "", { "dependencies": { "atomic-sleep": "^1.0.0" } }, "sha512-INb7TM37/mAcsGmc9hyyI6+QR3rR1zVRu36B0NeGXKnOOLiZOfER5SA+N7X7k3yUYRzLWafduTDvJAfDswwEww=="],

    "split2": ["split2@4.2.0", "", {}, "sha512-UcjcJOWknrNkF6PLX83qcHM6KHgVKNkV62Y8a5uYDVv9ydGQVwAHMKqHdJje1VTWpljG0WYpCDhrCdAOYH4TWg=="],

    "strnum": ["strnum@2.4.1", "", { "dependencies": { "anynum": "^1.0.1" } }, "sha512-M9eUSMT2dCB2cTNPG7UYj6KuK7RJR2SN2+yCV/fTW3xzTCS6EaGZ5pSMgDIjB7r8zSfTGk+dvvn9rTjpVS9Mwg=="],

    "strtok3": ["strtok3@10.3.5", "", { "dependencies": { "@tokenizer/token": "^0.3.0" } }, "sha512-ki4hZQfh5rX0QDLLkOCj+h+CVNkqmp/CMf8v8kZpkNVK6jGQooMytqzLZYUVYIZcFZ6yDB70EfD8POcFXiF5oA=="],

    "thread-stream": ["thread-stream@3.1.0", "", { "dependencies": { "real-require": "^0.2.0" } }, "sha512-OqyPZ9u96VohAyMfJykzmivOrY2wfMSf3C5TtFJVgN+Hm6aj+voFhlK+kZEIv2FBh1X6Xp3DlnCOfEQ3B2J86A=="],

    "token-types": ["token-types@6.1.2", "", { "dependencies": { "@borewit/text-codec": "^0.2.1", "@tokenizer/token": "^0.3.0", "ieee754": "^1.2.1" } }, "sha512-dRXchy+C0IgK8WPC6xvCHFRIWYUbqqdEIKPaKo/AcTUNzwLTK6AH7RjdLWsEZcAN/TBdtfUw3PYEgPr5VPr6ww=="],

    "tslib": ["tslib@2.8.1", "", {}, "sha512-oJFu94HQb+KVduSUQL7wnpmqnfmLsOA/nAh6b6EH0wCEoK0/mPeXU6c3wKDV83MkOuHPRHtSXKKU99IBazS/2w=="],

    "typescript": ["typescript@5.9.3", "", { "bin": { "tsc": "bin/tsc", "tsserver": "bin/tsserver" } }, "sha512-jl1vZzPDinLr9eUt3J/t7V6FgNEw9QjvBPdysz9KfQDD41fQrC2Y4vKQdiaUpFT4bXlb1RHhLpp8wtm6M5TgSw=="],

    "uint8array-extras": ["uint8array-extras@1.5.0", "", {}, "sha512-rvKSBiC5zqCCiDZ9kAOszZcDvdAHwwIKJG33Ykj43OKcWsnmcBRL09YTU4nOeHZ8Y2a7l1MgTd08SBe9A8Qj6A=="],

    "undici-types": ["undici-types@6.21.0", "", {}, "sha512-iwDZqg0QAGrg9Rav5H4n0M64c3mkR59cJ6wQp+7C4nI0gsmExaedaYLNO44eT4AtBBwjbTiGPMlt2Md0T9H9JQ=="],

    "xml-naming": ["xml-naming@0.1.0", "", {}, "sha512-k8KO9hrMyNk6tUWqUfkTEZbezRRpONVOzUTnc97VnCvyj6Tf9lyUR9EDAIeiVLv56jsMcoXEwjW8Kv5yPY52lw=="],

    "yallist": ["yallist@4.0.0", "", {}, "sha512-3wdGidZyq5PB084XLES5TpOSRA3wjXAlIWMhum2kRcv/41Sn2emQ0dycQW4uZXLejwKvg6EsvbdlVL+FYEct7A=="],

    "zod": ["zod@4.4.3", "", {}, "sha512-ytENFjIJFl2UwYglde2jchW2Hwm4GJFLDiSXWdTrJQBIN9Fcyp7n4DhxJEiWNAJMV1/BqWfW/kkg71UDcHJyTQ=="],

    "@aws-crypto/crc32/@aws-sdk/types": ["@aws-sdk/types@3.936.0", "", { "dependencies": { "@smithy/types": "^4.9.0", "tslib": "^2.6.2" } }, "sha512-uz0/VlMd2pP5MepdrHizd+T+OKfyK4r3OA9JI+L/lPKg0YFQosdJNCKisr6o70E3dh8iMpFYxF1UN/4uZsyARg=="],

    "@aws-crypto/crc32c/@aws-sdk/types": ["@aws-sdk/types@3.936.0", "", { "dependencies": { "@smithy/types": "^4.9.0", "tslib": "^2.6.2" } }, "sha512-uz0/VlMd2pP5MepdrHizd+T+OKfyK4r3OA9JI+L/lPKg0YFQosdJNCKisr6o70E3dh8iMpFYxF1UN/4uZsyARg=="],

    "@aws-crypto/sha1-browser/@aws-sdk/types": ["@aws-sdk/types@3.936.0", "", { "dependencies": { "@smithy/types": "^4.9.0", "tslib": "^2.6.2" } }, "sha512-uz0/VlMd2pP5MepdrHizd+T+OKfyK4r3OA9JI+L/lPKg0YFQosdJNCKisr6o70E3dh8iMpFYxF1UN/4uZsyARg=="],

    "@aws-crypto/sha256-browser/@aws-sdk/types": ["@aws-sdk/types@3.936.0", "", { "dependencies": { "@smithy/types": "^4.9.0", "tslib": "^2.6.2" } }, "sha512-uz0/VlMd2pP5MepdrHizd+T+OKfyK4r3OA9JI+L/lPKg0YFQosdJNCKisr6o70E3dh8iMpFYxF1UN/4uZsyARg=="],

    "@aws-crypto/sha256-js/@aws-sdk/types": ["@aws-sdk/types@3.936.0", "", { "dependencies": { "@smithy/types": "^4.9.0", "tslib": "^2.6.2" } }, "sha512-uz0/VlMd2pP5MepdrHizd+T+OKfyK4r3OA9JI+L/lPKg0YFQosdJNCKisr6o70E3dh8iMpFYxF1UN/4uZsyARg=="],

    "@aws-crypto/util/@aws-sdk/types": ["@aws-sdk/types@3.936.0", "", { "dependencies": { "@smithy/types": "^4.9.0", "tslib": "^2.6.2" } }, "sha512-uz0/VlMd2pP5MepdrHizd+T+OKfyK4r3OA9JI+L/lPKg0YFQosdJNCKisr6o70E3dh8iMpFYxF1UN/4uZsyARg=="],

    "@aws-crypto/crc32/@aws-sdk/types/@smithy/types": ["@smithy/types@4.9.0", "", { "dependencies": { "tslib": "^2.6.2" } }, "sha512-MvUbdnXDTwykR8cB1WZvNNwqoWVaTRA0RLlLmf/cIFNMM2cKWz01X4Ly6SMC4Kks30r8tT3Cty0jmeWfiuyHTA=="],

    "@aws-crypto/crc32c/@aws-sdk/types/@smithy/types": ["@smithy/types@4.9.0", "", { "dependencies": { "tslib": "^2.6.2" } }, "sha512-MvUbdnXDTwykR8cB1WZvNNwqoWVaTRA0RLlLmf/cIFNMM2cKWz01X4Ly6SMC4Kks30r8tT3Cty0jmeWfiuyHTA=="],

    "@aws-crypto/sha1-browser/@aws-sdk/types/@smithy/types": ["@smithy/types@4.9.0", "", { "dependencies": { "tslib": "^2.6.2" } }, "sha512-MvUbdnXDTwykR8cB1WZvNNwqoWVaTRA0RLlLmf/cIFNMM2cKWz01X4Ly6SMC4Kks30r8tT3Cty0jmeWfiuyHTA=="],

    "@aws-crypto/sha256-browser/@aws-sdk/types/@smithy/types": ["@smithy/types@4.9.0", "", { "dependencies": { "tslib": "^2.6.2" } }, "sha512-MvUbdnXDTwykR8cB1WZvNNwqoWVaTRA0RLlLmf/cIFNMM2cKWz01X4Ly6SMC4Kks30r8tT3Cty0jmeWfiuyHTA=="],

    "@aws-crypto/sha256-js/@aws-sdk/types/@smithy/types": ["@smithy/types@4.9.0", "", { "dependencies": { "tslib": "^2.6.2" } }, "sha512-MvUbdnXDTwykR8cB1WZvNNwqoWVaTRA0RLlLmf/cIFNMM2cKWz01X4Ly6SMC4Kks30r8tT3Cty0jmeWfiuyHTA=="],

    "@aws-crypto/util/@aws-sdk/types/@smithy/types": ["@smithy/types@4.9.0", "", { "dependencies": { "tslib": "^2.6.2" } }, "sha512-MvUbdnXDTwykR8cB1WZvNNwqoWVaTRA0RLlLmf/cIFNMM2cKWz01X4Ly6SMC4Kks30r8tT3Cty0jmeWfiuyHTA=="],
  }
}
